PODS:
  - SDWebImage (5.3.2):
    - SDWebImage/Core (= 5.3.2)
  - SDWebImage/Core (5.3.2)

DEPENDENCIES:
  - SDWebImage

SPEC REPOS:
  trunk:
    - SDWebImage

SPEC CHECKSUMS:
  SDWebImage: 6ac2eb96571bff96ecde31a987172c5934a0eb7d

PODFILE CHECKSUM: 96806850cf5d829538ea057391f81b5865ca8e11

COCOAPODS: 1.8.4
